
Microsoft Visual Studio Solution File, Format Version 12.00
# Visual Studio Version 17
VisualStudioVersion = 17.1.32319.34
MinimumVisualStudioVersion = 10.0.40219.1
Project("{FAE04EC0-301F-11D3-BF4B-00C04F79EFBC}") = "Hopffield", "Hopffield\Hopffield.csproj", "{13790F10-C12F-4A8D-9F52-57A60A78A1ED}"
EndProject
Global
	GlobalSection(SolutionConfigurationPlatforms) = preSolution
		Debug|Any CPU = Debug|Any CPU
		Release|Any CPU = Release|Any CPU
	EndGlobalSection
	GlobalSection(ProjectConfigurationPlatforms) = postSolution
		{13790F10-C12F-4A8D-9F52-57A60A78A1ED}.Debug|Any CPU.ActiveCfg = Debug|Any CPU
		{13790F10-C12F-4A8D-9F52-57A60A78A1ED}.Debug|Any CPU.Build.0 = Debug|Any CPU
		{13790F10-C12F-4A8D-9F52-57A60A78A1ED}.Release|Any CPU.ActiveCfg = Release|Any CPU
		{13790F10-C12F-4A8D-9F52-57A60A78A1ED}.Release|Any CPU.Build.0 = Release|Any CPU
	EndGlobalSection
	GlobalSection(SolutionProperties) = preSolution
		HideSolutionNode = FALSE
	EndGlobalSection
	GlobalSection(ExtensibilityGlobals) = postSolution
		SolutionGuid = {4667B73E-16E6-4233-B6A8-22BFA49611C5}
	EndGlobalSection
EndGlobal
